// !$*UTF8*$!
{
	archiveVersion = 1;
	classes = {
	};
	objectVersion = 56;
	objects = {

/* Begin PBXBuildFile section */
		04478CCC2DD2260800D2CA01 /* AppDelegate.swift in Sources */ = {isa = PBXBuildFile; fileRef = 04478CCB2DD2260800D2CA01 /* AppDelegate.swift */; };
		04478CCE2DD2260800D2CA01 /* SceneDelegate.swift in Sources */ = {isa = PBXBuildFile; fileRef = 04478CCD2DD2260800D2CA01 /* SceneDelegate.swift */; };
		04478CD02DD2260800D2CA01 /* WeatherViewController.swift in Sources */ = {isa = PBXBuildFile; fileRef = 04478CCF2DD2260800D2CA01 /* WeatherViewController.swift */; };
		04478CD52DD2260900D2CA01 /* Assets.xcassets in Resources */ = {isa = PBXBuildFile; fileRef = 04478CD42DD2260900D2CA01 /* Assets.xcassets */; };
		04478CE12DD22E4100D2CA01 /* WeatherData.swift in Sources */ = {isa = PBXBuildFile; fileRef = 04478CE02DD22E4100D2CA01 /* WeatherData.swift */; };
		04478CE82DD22E7C00D2CA01 /* WeatherService.swift in Sources */ = {isa = PBXBuildFile; fileRef = 04478CE72DD22E7C00D2CA01 /* WeatherService.swift */; };
		04478CEA2DD22E8600D2CA01 /* LocationService.swift in Sources */ = {isa = PBXBuildFile; fileRef = 04478CE92DD22E8600D2CA01 /* LocationService.swift */; };
		04478CED2DD22EBC00D2CA01 /* WeatherPresenter.swift in Sources */ = {isa = PBXBuildFile; fileRef = 04478CEC2DD22EBC00D2CA01 /* WeatherPresenter.swift */; };
		04478CEF2DD22ED100D2CA01 /* WeatherProtocols.swift in Sources */ = {isa = PBXBuildFile; fileRef = 04478CEE2DD22ED100D2CA01 /* WeatherProtocols.swift */; };
		04478CF12DD22EE100D2CA01 /* WeatherView.swift in Sources */ = {isa = PBXBuildFile; fileRef = 04478CF02DD22EE100D2CA01 /* WeatherView.swift */; };
		04478CF42DD235A400D2CA01 /* ErrorView.swift in Sources */ = {isa = PBXBuildFile; fileRef = 04478CF32DD235A400D2CA01 /* ErrorView.swift */; };
		04478CF72DD2364600D2CA01 /* StringExtension.swift in Sources */ = {isa = PBXBuildFile; fileRef = 04478CF62DD2364600D2CA01 /* StringExtension.swift */; };
		04478CF92DD2368800D2CA01 /* DailyForecastView.swift in Sources */ = {isa = PBXBuildFile; fileRef = 04478CF82DD2368800D2CA01 /* DailyForecastView.swift */; };
		04478CFB2DD23E6F00D2CA01 /* HourlyForecastView.swift in Sources */ = {isa = PBXBuildFile; fileRef = 04478CFA2DD23E6F00D2CA01 /* HourlyForecastView.swift */; };
		04478CFD2DD23F1200D2CA01 /* CurrentWeatherView.swift in Sources */ = {isa = PBXBuildFile; fileRef = 04478CFC2DD23F1200D2CA01 /* CurrentWeatherView.swift */; };
/* End PBXBuildFile section */

/* Begin PBXFileReference section */
		04478CC82DD2260800D2CA01 /* WeatherApp.app */ = {isa = PBXFileReference; explicitFileType = wrapper.application; includeInIndex = 0; path = WeatherApp.app; sourceTree = BUILT_PRODUCTS_DIR; };
		04478CCB2DD2260800D2CA01 /* AppDelegate.swift */ = {isa = PBXFileReference; lastKnownFileType = sourcecode.swift; path = AppDelegate.swift; sourceTree = "<group>"; };
		04478CCD2DD2260800D2CA01 /* SceneDelegate.swift */ = {isa = PBXFileReference; lastKnownFileType = sourcecode.swift; path = SceneDelegate.swift; sourceTree = "<group>"; };
		04478CCF2DD2260800D2CA01 /* WeatherViewController.swift */ = {isa = PBXFileReference; lastKnownFileType = sourcecode.swift; path = WeatherViewController.swift; sourceTree = "<group>"; };
		04478CD42DD2260900D2CA01 /* Assets.xcassets */ = {isa = PBXFileReference; lastKnownFileType = folder.assetcatalog; path = Assets.xcassets; sourceTree = "<group>"; };
		04478CD92DD2260900D2CA01 /* Info.plist */ = {isa = PBXFileReference; lastKnownFileType = text.plist.xml; path = Info.plist; sourceTree = "<group>"; };
		04478CE02DD22E4100D2CA01 /* WeatherData.swift */ = {isa = PBXFileReference; lastKnownFileType = sourcecode.swift; path = WeatherData.swift; sourceTree = "<group>"; };
		04478CE72DD22E7C00D2CA01 /* WeatherService.swift */ = {isa = PBXFileReference; lastKnownFileType = sourcecode.swift; path = WeatherService.swift; sourceTree = "<group>"; };
		04478CE92DD22E8600D2CA01 /* LocationService.swift */ = {isa = PBXFileReference; lastKnownFileType = sourcecode.swift; path = LocationService.swift; sourceTree = "<group>"; };
		04478CEC2DD22EBC00D2CA01 /* WeatherPresenter.swift */ = {isa = PBXFileReference; lastKnownFileType = sourcecode.swift; path = WeatherPresenter.swift; sourceTree = "<group>"; };
		04478CEE2DD22ED100D2CA01 /* WeatherProtocols.swift */ = {isa = PBXFileReference; lastKnownFileType = sourcecode.swift; path = WeatherProtocols.swift; sourceTree = "<group>"; };
		04478CF02DD22EE100D2CA01 /* WeatherView.swift */ = {isa = PBXFileReference; lastKnownFileType = sourcecode.swift; path = WeatherView.swift; sourceTree = "<group>"; };
		04478CF32DD235A400D2CA01 /* ErrorView.swift */ = {isa = PBXFileReference; lastKnownFileType = sourcecode.swift; path = ErrorView.swift; sourceTree = "<group>"; };
		04478CF62DD2364600D2CA01 /* StringExtension.swift */ = {isa = PBXFileReference; lastKnownFileType = sourcecode.swift; path = StringExtension.swift; sourceTree = "<group>"; };
		04478CF82DD2368800D2CA01 /* DailyForecastView.swift */ = {isa = PBXFileReference; lastKnownFileType = sourcecode.swift; path = DailyForecastView.swift; sourceTree = "<group>"; };
		04478CFA2DD23E6F00D2CA01 /* HourlyForecastView.swift */ = {isa = PBXFileReference; lastKnownFileType = sourcecode.swift; path = HourlyForecastView.swift; sourceTree = "<group>"; };
		04478CFC2DD23F1200D2CA01 /* CurrentWeatherView.swift */ = {isa = PBXFileReference; lastKnownFileType = sourcecode.swift; path = CurrentWeatherView.swift; sourceTree = "<group>"; };
/* End PBXFileReference section */

/* Begin PBXFrameworksBuildPhase section */
		04478CC52DD2260800D2CA01 /* Frameworks */ = {
			isa = PBXFrameworksBuildPhase;
			buildActionMask = 2147483647;
			files = (
			);
			runOnlyForDeploymentPostprocessing = 0;
		};
/* End PBXFrameworksBuildPhase section */

/* Begin PBXGroup section */
		04478CBF2DD2260800D2CA01 = {
			isa = PBXGroup;
			children = (
				04478CCA2DD2260800D2CA01 /* WeatherApp */,
				04478CC92DD2260800D2CA01 /* Products */,
			);
			sourceTree = "<group>";
		};
		04478CC92DD2260800D2CA01 /* Products */ = {
			isa = PBXGroup;
			children = (
				04478CC82DD2260800D2CA01 /* WeatherApp.app */,
			);
			name = Products;
			sourceTree = "<group>";
		};
		04478CCA2DD2260800D2CA01 /* WeatherApp */ = {
			isa = PBXGroup;
			children = (
				04478CCB2DD2260800D2CA01 /* AppDelegate.swift */,
				04478CCD2DD2260800D2CA01 /* SceneDelegate.swift */,
				04478CF52DD2361500D2CA01 /* Helpers */,
				04478CE62DD22E6A00D2CA01 /* Services */,
				04478CDF2DD22E2B00D2CA01 /* Models */,
				04478CEB2DD22EA900D2CA01 /* WeatherView */,
				04478CD42DD2260900D2CA01 /* Assets.xcassets */,
				04478CD92DD2260900D2CA01 /* Info.plist */,
			);
			path = WeatherApp;
			sourceTree = "<group>";
		};
		04478CDF2DD22E2B00D2CA01 /* Models */ = {
			isa = PBXGroup;
			children = (
				04478CE02DD22E4100D2CA01 /* WeatherData.swift */,
			);
			path = Models;
			sourceTree = "<group>";
		};
		04478CE62DD22E6A00D2CA01 /* Services */ = {
			isa = PBXGroup;
			children = (
				04478CE72DD22E7C00D2CA01 /* WeatherService.swift */,
				04478CE92DD22E8600D2CA01 /* LocationService.swift */,
			);
			path = Services;
			sourceTree = "<group>";
		};
		04478CEB2DD22EA900D2CA01 /* WeatherView */ = {
			isa = PBXGroup;
			children = (
				04478CEE2DD22ED100D2CA01 /* WeatherProtocols.swift */,
				04478CEC2DD22EBC00D2CA01 /* WeatherPresenter.swift */,
				04478CCF2DD2260800D2CA01 /* WeatherViewController.swift */,
				04478CF02DD22EE100D2CA01 /* WeatherView.swift */,
				04478CF22DD2359300D2CA01 /* Views */,
			);
			path = WeatherView;
			sourceTree = "<group>";
		};
		04478CF22DD2359300D2CA01 /* Views */ = {
			isa = PBXGroup;
			children = (
				04478CFC2DD23F1200D2CA01 /* CurrentWeatherView.swift */,
				04478CFA2DD23E6F00D2CA01 /* HourlyForecastView.swift */,
				04478CF82DD2368800D2CA01 /* DailyForecastView.swift */,
				04478CF32DD235A400D2CA01 /* ErrorView.swift */,
			);
			path = Views;
			sourceTree = "<group>";
		};
		04478CF52DD2361500D2CA01 /* Helpers */ = {
			isa = PBXGroup;
			children = (
				04478CF62DD2364600D2CA01 /* StringExtension.swift */,
			);
			path = Helpers;
			sourceTree = "<group>";
		};
/* End PBXGroup section */

/* Begin PBXNativeTarget section */
		04478CC72DD2260800D2CA01 /* WeatherApp */ = {
			isa = PBXNativeTarget;
			buildConfigurationList = 04478CDC2DD2260900D2CA01 /* Build configuration list for PBXNativeTarget "WeatherApp" */;
			buildPhases = (
				04478CC42DD2260800D2CA01 /* Sources */,
				04478CC52DD2260800D2CA01 /* Frameworks */,
				04478CC62DD2260800D2CA01 /* Resources */,
			);
			buildRules = (
			);
			dependencies = (
			);
			name = WeatherApp;
			productName = WeatherApp;
			productReference = 04478CC82DD2260800D2CA01 /* WeatherApp.app */;
			productType = "com.apple.product-type.application";
		};
/* End PBXNativeTarget section */

/* Begin PBXProject section */
		04478CC02DD2260800D2CA01 /* Project object */ = {
			isa = PBXProject;
			attributes = {
				BuildIndependentTargetsInParallel = 1;
				LastSwiftUpdateCheck = 1500;
				LastUpgradeCheck = 1500;
				TargetAttributes = {
					04478CC72DD2260800D2CA01 = {
						CreatedOnToolsVersion = 15.0.1;
					};
				};
			};
			buildConfigurationList = 04478CC32DD2260800D2CA01 /* Build configuration list for PBXProject "WeatherApp" */;
			compatibilityVersion = "Xcode 14.0";
			developmentRegion = en;
			hasScannedForEncodings = 0;
			knownRegions = (
				en,
				Base,
			);
			mainGroup = 04478CBF2DD2260800D2CA01;
			productRefGroup = 04478CC92DD2260800D2CA01 /* Products */;
			projectDirPath = "";
			projectRoot = "";
			targets = (
				04478CC72DD2260800D2CA01 /* WeatherApp */,
			);
		};
/* End PBXProject section */

/* Begin PBXResourcesBuildPhase section */
		04478CC62DD2260800D2CA01 /* Resources */ = {
			isa = PBXResourcesBuildPhase;
			buildActionMask = 2147483647;
			files = (
				04478CD52DD2260900D2CA01 /* Assets.xcassets in Resources */,
			);
			runOnlyForDeploymentPostprocessing = 0;
		};
/* End PBXResourcesBuildPhase section */

/* Begin PBXSourcesBuildPhase section */
		04478CC42DD2260800D2CA01 /* Sources */ = {
			isa = PBXSourcesBuildPhase;
			buildActionMask = 2147483647;
			files = (
				04478CF12DD22EE100D2CA01 /* WeatherView.swift in Sources */,
				04478CFD2DD23F1200D2CA01 /* CurrentWeatherView.swift in Sources */,
				04478CF92DD2368800D2CA01 /* DailyForecastView.swift in Sources */,
				04478CD02DD2260800D2CA01 /* WeatherViewController.swift in Sources */,
				04478CED2DD22EBC00D2CA01 /* WeatherPresenter.swift in Sources */,
				04478CCC2DD2260800D2CA01 /* AppDelegate.swift in Sources */,
				04478CEA2DD22E8600D2CA01 /* LocationService.swift in Sources */,
				04478CE12DD22E4100D2CA01 /* WeatherData.swift in Sources */,
				04478CF42DD235A400D2CA01 /* ErrorView.swift in Sources */,
				04478CEF2DD22ED100D2CA01 /* WeatherProtocols.swift in Sources */,
				04478CCE2DD2260800D2CA01 /* SceneDelegate.swift in Sources */,
				04478CF72DD2364600D2CA01 /* StringExtension.swift in Sources */,
				04478CE82DD22E7C00D2CA01 /* WeatherService.swift in Sources */,
				04478CFB2DD23E6F00D2CA01 /* HourlyForecastView.swift in Sources */,
			);
			runOnlyForDeploymentPostprocessing = 0;
		};
/* End PBXSourcesBuildPhase section */

/* Begin XCBuildConfiguration section */
		04478CDA2DD2260900D2CA01 /* Debug */ = {
			isa = XCBuildConfiguration;
			buildSettings = {
				ALWAYS_SEARCH_USER_PATHS = NO;
				ASSETCATALOG_COMPILER_GENERATE_SWIFT_ASSET_SYMBOL_EXTENSIONS = YES;
				CLANG_ANALYZER_NONNULL = YES;
				CLANG_ANALYZER_NUMBER_OBJECT_CONVERSION = YES_AGGRESSIVE;
				CLANG_CXX_LANGUAGE_STANDARD = "gnu++20";
				CLANG_ENABLE_MODULES = YES;
				CLANG_ENABLE_OBJC_ARC = YES;
				CLANG_ENABLE_OBJC_WEAK = YES;
				CLANG_WARN_BLOCK_CAPTURE_AUTORELEASING = YES;
				CLANG_WARN_BOOL_CONVERSION = YES;
				CLANG_WARN_COMMA = YES;
				CLANG_WARN_CONSTANT_CONVERSION = YES;
				CLANG_WARN_DEPRECATED_OBJC_IMPLEMENTATIONS = YES;
				CLANG_WARN_DIRECT_OBJC_ISA_USAGE = YES_ERROR;
				CLANG_WARN_DOCUMENTATION_COMMENTS = YES;
				CLANG_WARN_EMPTY_BODY = YES;
				CLANG_WARN_ENUM_CONVERSION = YES;
				CLANG_WARN_INFINITE_RECURSION = YES;
				CLANG_WARN_INT_CONVERSION = YES;
				CLANG_WARN_NON_LITERAL_NULL_CONVERSION = YES;
				CLANG_WARN_OBJC_IMPLICIT_RETAIN_SELF = YES;
				CLANG_WARN_OBJC_LITERAL_CONVERSION = YES;
				CLANG_WARN_OBJC_ROOT_CLASS = YES_ERROR;
				CLANG_WARN_QUOTED_INCLUDE_IN_FRAMEWORK_HEADER = YES;
				CLANG_WARN_RANGE_LOOP_ANALYSIS = YES;
				CLANG_WARN_STRICT_PROTOTYPES = YES;
				CLANG_WARN_SUSPICIOUS_MOVE = YES;
				CLANG_WARN_UNGUARDED_AVAILABILITY = YES_AGGRESSIVE;
				CLANG_WARN_UNREACHABLE_CODE = YES;
				CLANG_WARN__DUPLICATE_METHOD_MATCH = YES;
				COPY_PHASE_STRIP = NO;
				DEBUG_INFORMATION_FORMAT = dwarf;
				ENABLE_STRICT_OBJC_MSGSEND = YES;
				ENABLE_TESTABILITY = YES;
				ENABLE_USER_SCRIPT_SANDBOXING = YES;
				GCC_C_LANGUAGE_STANDARD = gnu17;
				GCC_DYNAMIC_NO_PIC = NO;
				GCC_NO_COMMON_BLOCKS = YES;
				GCC_OPTIMIZATION_LEVEL = 0;
				GCC_PREPROCESSOR_DEFINITIONS = (
					"DEBUG=1",
					"$(inherited)",
				);
				GCC_WARN_64_TO_32_BIT_CONVERSION = YES;
				GCC_WARN_ABOUT_RETURN_TYPE = YES_ERROR;
				GCC_WARN_UNDECLARED_SELECTOR = YES;
				GCC_WARN_UNINITIALIZED_AUTOS = YES_AGGRESSIVE;
				GCC_WARN_UNUSED_FUNCTION = YES;
				GCC_WARN_UNUSED_VARIABLE = YES;
				IPHONEOS_DEPLOYMENT_TARGET = 17.0;
				LOCALIZATION_PREFERS_STRING_CATALOGS = YES;
				MTL_ENABLE_DEBUG_INFO = INCLUDE_SOURCE;
				MTL_FAST_MATH = YES;
				ONLY_ACTIVE_ARCH = YES;
				SDKROOT = iphoneos;
				SWIFT_ACTIVE_COMPILATION_CONDITIONS = "DEBUG $(inherited)";
				SWIFT_OPTIMIZATION_LEVEL = "-Onone";
			};
			name = Debug;
		};
		04478CDB2DD2260900D2CA01 /* Release */ = {
			isa = XCBuildConfiguration;
			buildSettings = {
				ALWAYS_SEARCH_USER_PATHS = NO;
				ASSETCATALOG_COMPILER_GENERATE_SWIFT_ASSET_SYMBOL_EXTENSIONS = YES;
				CLANG_ANALYZER_NONNULL = YES;
				CLANG_ANALYZER_NUMBER_OBJECT_CONVERSION = YES_AGGRESSIVE;
				CLANG_CXX_LANGUAGE_STANDARD = "gnu++20";
				CLANG_ENABLE_MODULES = YES;
				CLANG_ENABLE_OBJC_ARC = YES;
				CLANG_ENABLE_OBJC_WEAK = YES;
				CLANG_WARN_BLOCK_CAPTURE_AUTORELEASING = YES;
				CLANG_WARN_BOOL_CONVERSION = YES;
				CLANG_WARN_COMMA = YES;
				CLANG_WARN_CONSTANT_CONVERSION = YES;
				CLANG_WARN_DEPRECATED_OBJC_IMPLEMENTATIONS = YES;
				CLANG_WARN_DIRECT_OBJC_ISA_USAGE = YES_ERROR;
				CLANG_WARN_DOCUMENTATION_COMMENTS = YES;
				CLANG_WARN_EMPTY_BODY = YES;
				CLANG_WARN_ENUM_CONVERSION = YES;
				CLANG_WARN_INFINITE_RECURSION = YES;
				CLANG_WARN_INT_CONVERSION = YES;
				CLANG_WARN_NON_LITERAL_NULL_CONVERSION = YES;
				CLANG_WARN_OBJC_IMPLICIT_RETAIN_SELF = YES;
				CLANG_WARN_OBJC_LITERAL_CONVERSION = YES;
				CLANG_WARN_OBJC_ROOT_CLASS = YES_ERROR;
				CLANG_WARN_QUOTED_INCLUDE_IN_FRAMEWORK_HEADER = YES;
				CLANG_WARN_RANGE_LOOP_ANALYSIS = YES;
				CLANG_WARN_STRICT_PROTOTYPES = YES;
				CLANG_WARN_SUSPICIOUS_MOVE = YES;
				CLANG_WARN_UNGUARDED_AVAILABILITY = YES_AGGRESSIVE;
				CLANG_WARN_UNREACHABLE_CODE = YES;
				CLANG_WARN__DUPLICATE_METHOD_MATCH = YES;
				COPY_PHASE_STRIP = NO;
				DEBUG_INFORMATION_FORMAT = "dwarf-with-dsym";
				ENABLE_NS_ASSERTIONS = NO;
				ENABLE_STRICT_OBJC_MSGSEND = YES;
				ENABLE_USER_SCRIPT_SANDBOXING = YES;
				GCC_C_LANGUAGE_STANDARD = gnu17;
				GCC_NO_COMMON_BLOCKS = YES;
				GCC_WARN_64_TO_32_BIT_CONVERSION = YES;
				GCC_WARN_ABOUT_RETURN_TYPE = YES_ERROR;
				GCC_WARN_UNDECLARED_SELECTOR = YES;
				GCC_WARN_UNINITIALIZED_AUTOS = YES_AGGRESSIVE;
				GCC_WARN_UNUSED_FUNCTION = YES;
				GCC_WARN_UNUSED_VARIABLE = YES;
				IPHONEOS_DEPLOYMENT_TARGET = 17.0;
				LOCALIZATION_PREFERS_STRING_CATALOGS = YES;
				MTL_ENABLE_DEBUG_INFO = NO;
				MTL_FAST_MATH = YES;
				SDKROOT = iphoneos;
				SWIFT_COMPILATION_MODE = wholemodule;
				VALIDATE_PRODUCT = YES;
			};
			name = Release;
		};
		04478CDD2DD2260900D2CA01 /* Debug */ = {
			isa = XCBuildConfiguration;
			buildSettings = {
				ASSETCATALOG_COMPILER_APPICON_NAME = AppIcon;
				ASSETCATALOG_COMPILER_GLOBAL_ACCENT_COLOR_NAME = AccentColor;
				CODE_SIGN_STYLE = Automatic;
				CURRENT_PROJECT_VERSION = 1;
				GENERATE_INFOPLIST_FILE = YES;
				INFOPLIST_FILE = WeatherApp/Info.plist;
				INFOPLIST_KEY_UIApplicationSupportsIndirectInputEvents = YES;
				INFOPLIST_KEY_UILaunchStoryboardName = LaunchScreen;
				INFOPLIST_KEY_UISupportedInterfaceOrientations_iPad = "UIInterfaceOrientationPortrait UIInterfaceOrientationPortraitUpsideDown UIInterfaceOrientationLandscapeLeft UIInterfaceOrientationLandscapeRight";
				INFOPLIST_KEY_UISupportedInterfaceOrientations_iPhone = "UIInterfaceOrientationPortrait UIInterfaceOrientationLandscapeLeft UIInterfaceOrientationLandscapeRight";
				LD_RUNPATH_SEARCH_PATHS = (
					"$(inherited)",
					"@executable_path/Frameworks",
				);
				MARKETING_VERSION = 1.0;
				PRODUCT_BUNDLE_IDENTIFIER = "home.Test-2025.WeatherApp";
				PRODUCT_NAME = "$(TARGET_NAME)";
				SWIFT_EMIT_LOC_STRINGS = YES;
				SWIFT_VERSION = 5.0;
				TARGETED_DEVICE_FAMILY = "1,2";
			};
			name = Debug;
		};
		04478CDE2DD2260900D2CA01 /* Release */ = {
			isa = XCBuildConfiguration;
			buildSettings = {
				ASSETCATALOG_COMPILER_APPICON_NAME = AppIcon;
				ASSETCATALOG_COMPILER_GLOBAL_ACCENT_COLOR_NAME = AccentColor;
				CODE_SIGN_STYLE = Automatic;
				CURRENT_PROJECT_VERSION = 1;
				GENERATE_INFOPLIST_FILE = YES;
				INFOPLIST_FILE = WeatherApp/Info.plist;
				INFOPLIST_KEY_UIApplicationSupportsIndirectInputEvents = YES;
				INFOPLIST_KEY_UILaunchStoryboardName = LaunchScreen;
				INFOPLIST_KEY_UISupportedInterfaceOrientations_iPad = "UIInterfaceOrientationPortrait UIInterfaceOrientationPortraitUpsideDown UIInterfaceOrientationLandscapeLeft UIInterfaceOrientationLandscapeRight";
				INFOPLIST_KEY_UISupportedInterfaceOrientations_iPhone = "UIInterfaceOrientationPortrait UIInterfaceOrientationLandscapeLeft UIInterfaceOrientationLandscapeRight";
				LD_RUNPATH_SEARCH_PATHS = (
					"$(inherited)",
					"@executable_path/Frameworks",
				);
				MARKETING_VERSION = 1.0;
				PRODUCT_BUNDLE_IDENTIFIER = "home.Test-2025.WeatherApp";
				PRODUCT_NAME = "$(TARGET_NAME)";
				SWIFT_EMIT_LOC_STRINGS = YES;
				SWIFT_VERSION = 5.0;
				TARGETED_DEVICE_FAMILY = "1,2";
			};
			name = Release;
		};
/* End XCBuildConfiguration section */

/* Begin XCConfigurationList section */
		04478CC32DD2260800D2CA01 /* Build configuration list for PBXProject "WeatherApp" */ = {
			isa = XCConfigurationList;
			buildConfigurations = (
				04478CDA2DD2260900D2CA01 /* Debug */,
				04478CDB2DD2260900D2CA01 /* Release */,
			);
			defaultConfigurationIsVisible = 0;
			defaultConfigurationName = Release;
		};
		04478CDC2DD2260900D2CA01 /* Build configuration list for PBXNativeTarget "WeatherApp" */ = {
			isa = XCConfigurationList;
			buildConfigurations = (
				04478CDD2DD2260900D2CA01 /* Debug */,
				04478CDE2DD2260900D2CA01 /* Release */,
			);
			defaultConfigurationIsVisible = 0;
			defaultConfigurationName = Release;
		};
/* End XCConfigurationList section */
	};
	rootObject = 04478CC02DD2260800D2CA01 /* Project object */;
}
